// !$*UTF8*$!
{
	archiveVersion = 1;
	classes = {
	};
	objectVersion = 46;
	objects = {

/* Begin PBXBuildFile section */
		4EECC8DE1BBEE9E700427F7A /* AppDelegate.swift in Sources */ = {isa = PBXBuildFile; fileRef = 4EECC8DD1BBEE9E700427F7A /* AppDelegate.swift */; };
		4EECC8E01BBEE9E700427F7A /* ViewController.swift in Sources */ = {isa = PBXBuildFile; fileRef = 4EECC8DF1BBEE9E700427F7A /* ViewController.swift */; };
		4EECC8E31BBEE9E700427F7A /* Main.storyboard in Resources */ = {isa = PBXBuildFile; fileRef = 4EECC8E11BBEE9E700427F7A /* Main.storyboard */; };
		4EECC8E51BBEE9E700427F7A /* Assets.xcassets in Resources */ = {isa = PBXBuildFile; fileRef = 4EECC8E41BBEE9E700427F7A /* Assets.xcassets */; };
		4EECC8E81BBEE9E700427F7A /* LaunchScreen.storyboard in Resources */ = {isa = PBXBuildFile; fileRef = 4EECC8E61BBEE9E700427F7A /* LaunchScreen.storyboard */; };
		4EECC8F31BBEE9E700427F7A /* Flag_AppTests.swift in Sources */ = {isa = PBXBuildFile; fileRef = 4EECC8F21BBEE9E700427F7A /* Flag_AppTests.swift */; };
		4EECC8FE1BBEE9E700427F7A /* Flag_AppUITests.swift in Sources */ = {isa = PBXBuildFile; fileRef = 4EECC8FD1BBEE9E700427F7A /* Flag_AppUITests.swift */; };
/* End PBXBuildFile section */

/* Begin PBXContainerItemProxy section */
		4EECC8EF1BBEE9E700427F7A /* PBXContainerItemProxy */ = {
			isa = PBXContainerItemProxy;
			containerPortal = 4EECC8D21BBEE9E700427F7A /* Project object */;
			proxyType = 1;
			remoteGlobalIDString = 4EECC8D91BBEE9E700427F7A;
			remoteInfo = "Flag-App";
		};
		4EECC8FA1BBEE9E700427F7A /* PBXContainerItemProxy */ = {
			isa = PBXContainerItemProxy;
			containerPortal = 4EECC8D21BBEE9E700427F7A /* Project object */;
			proxyType = 1;
			remoteGlobalIDString = 4EECC8D91BBEE9E700427F7A;
			remoteInfo = "Flag-App";
		};
/* End PBXContainerItemProxy section */

/* Begin PBXFileReference section */
		4EECC8DA1BBEE9E700427F7A /* Flag-App.app */ = {isa = PBXFileReference; explicitFileType = wrapper.application; includeInIndex = 0; path = "Flag-App.app"; sourceTree = BUILT_PRODUCTS_DIR; };
		4EECC8DD1BBEE9E700427F7A /* AppDelegate.swift */ = {isa = PBXFileReference; lastKnownFileType = sourcecode.swift; path = AppDelegate.swift; sourceTree = "<group>"; };
		4EECC8DF1BBEE9E700427F7A /* ViewController.swift */ = {isa = PBXFileReference; lastKnownFileType = sourcecode.swift; path = ViewController.swift; sourceTree = "<group>"; };
		4EECC8E21BBEE9E700427F7A /* Base */ = {isa = PBXFileReference; lastKnownFileType = file.storyboard; name = Base; path = Base.lproj/Main.storyboard; sourceTree = "<group>"; };
		4EECC8E41BBEE9E700427F7A /* Assets.xcassets */ = {isa = PBXFileReference; lastKnownFileType = folder.assetcatalog; path = Assets.xcassets; sourceTree = "<group>"; };
		4EECC8E71BBEE9E700427F7A /* Base */ = {isa = PBXFileReference; lastKnownFileType = file.storyboard; name = Base; path = Base.lproj/LaunchScreen.storyboard; sourceTree = "<group>"; };
		4EECC8E91BBEE9E700427F7A /* Info.plist */ = {isa = PBXFileReference; lastKnownFileType = text.plist.xml; path = Info.plist; sourceTree = "<group>"; };
		4EECC8EE1BBEE9E700427F7A /* Flag-AppTests.xctest */ = {isa = PBXFileReference; explicitFileType = wrapper.cfbundle; includeInIndex = 0; path = "Flag-AppTests.xctest"; sourceTree = BUILT_PRODUCTS_DIR; };
		4EECC8F21BBEE9E700427F7A /* Flag_AppTests.swift */ = {isa = PBXFileReference; lastKnownFileType = sourcecode.swift; path = Flag_AppTests.swift; sourceTree = "<group>"; };
		4EECC8F41BBEE9E700427F7A /* Info.plist */ = {isa = PBXFileReference; lastKnownFileType = text.plist.xml; path = Info.plist; sourceTree = "<group>"; };
		4EECC8F91BBEE9E700427F7A /* Flag-AppUITests.xctest */ = {isa = PBXFileReference; explicitFileType = wrapper.cfbundle; includeInIndex = 0; path = "Flag-AppUITests.xctest"; sourceTree = BUILT_PRODUCTS_DIR; };
		4EECC8FD1BBEE9E700427F7A /* Flag_AppUITests.swift */ = {isa = PBXFileReference; lastKnownFileType = sourcecode.swift; path = Flag_AppUITests.swift; sourceTree = "<group>"; };
		4EECC8FF1BBEE9E700427F7A /* Info.plist */ = {isa = PBXFileReference; lastKnownFileType = text.plist.xml; path = Info.plist; sourceTree = "<group>"; };
/* End PBXFileReference section */

/* Begin PBXFrameworksBuildPhase section */
		4EECC8D71BBEE9E700427F7A /* Frameworks */ = {
			isa = PBXFrameworksBuildPhase;
			buildActionMask = 2147483647;
			files = (
			);
			runOnlyForDeploymentPostprocessing = 0;
		};
		4EECC8EB1BBEE9E700427F7A /* Frameworks */ = {
			isa = PBXFrameworksBuildPhase;
			buildActionMask = 2147483647;
			files = (
			);
			runOnlyForDeploymentPostprocessing = 0;
		};
		4EECC8F61BBEE9E700427F7A /* Frameworks */ = {
			isa = PBXFrameworksBuildPhase;
			buildActionMask = 2147483647;
			files = (
			);
			runOnlyForDeploymentPostprocessing = 0;
		};
/* End PBXFrameworksBuildPhase section */

/* Begin PBXGroup section */
		4EECC8D11BBEE9E700427F7A = {
			isa = PBXGroup;
			children = (
				4EECC8DC1BBEE9E700427F7A /* Flag-App */,
				4EECC8F11BBEE9E700427F7A /* Flag-AppTests */,
				4EECC8FC1BBEE9E700427F7A /* Flag-AppUITests */,
				4EECC8DB1BBEE9E700427F7A /* Products */,
			);
			sourceTree = "<group>";
		};
		4EECC8DB1BBEE9E700427F7A /* Products */ = {
			isa = PBXGroup;
			children = (
				4EECC8DA1BBEE9E700427F7A /* Flag-App.app */,
				4EECC8EE1BBEE9E700427F7A /* Flag-AppTests.xctest */,
				4EECC8F91BBEE9E700427F7A /* Flag-AppUITests.xctest */,
			);
			name = Products;
			sourceTree = "<group>";
		};
		4EECC8DC1BBEE9E700427F7A /* Flag-App */ = {
			isa = PBXGroup;
			children = (
				4EECC8DD1BBEE9E700427F7A /* AppDelegate.swift */,
				4EECC8DF1BBEE9E700427F7A /* ViewController.swift */,
				4EECC8E11BBEE9E700427F7A /* Main.storyboard */,
				4EECC8E41BBEE9E700427F7A /* Assets.xcassets */,
				4EECC8E61BBEE9E700427F7A /* LaunchScreen.storyboard */,
				4EECC8E91BBEE9E700427F7A /* Info.plist */,
			);
			path = "Flag-App";
			sourceTree = "<group>";
		};
		4EECC8F11BBEE9E700427F7A /* Flag-AppTests */ = {
			isa = PBXGroup;
			children = (
				4EECC8F21BBEE9E700427F7A /* Flag_AppTests.swift */,
				4EECC8F41BBEE9E700427F7A /* Info.plist */,
			);
			path = "Flag-AppTests";
			sourceTree = "<group>";
		};
		4EECC8FC1BBEE9E700427F7A /* Flag-AppUITests */ = {
			isa = PBXGroup;
			children = (
				4EECC8FD1BBEE9E700427F7A /* Flag_AppUITests.swift */,
				4EECC8FF1BBEE9E700427F7A /* Info.plist */,
			);
			path = "Flag-AppUITests";
			sourceTree = "<group>";
		};
/* End PBXGroup section */

/* Begin PBXNativeTarget section */
		4EECC8D91BBEE9E700427F7A /* Flag-App */ = {
			isa = PBXNativeTarget;
			buildConfigurationList = 4EECC9021BBEE9E700427F7A /* Build configuration list for PBXNativeTarget "Flag-App" */;
			buildPhases = (
				4EECC8D61BBEE9E700427F7A /* Sources */,
				4EECC8D71BBEE9E700427F7A /* Frameworks */,
				4EECC8D81BBEE9E700427F7A /* Resources */,
			);
			buildRules = (
			);
			dependencies = (
			);
			name = "Flag-App";
			productName = "Flag-App";
			productReference = 4EECC8DA1BBEE9E700427F7A /* Flag-App.app */;
			productType = "com.apple.product-type.application";
		};
		4EECC8ED1BBEE9E700427F7A /* Flag-AppTests */ = {
			isa = PBXNativeTarget;
			buildConfigurationList = 4EECC9051BBEE9E700427F7A /* Build configuration list for PBXNativeTarget "Flag-AppTests" */;
			buildPhases = (
				4EECC8EA1BBEE9E700427F7A /* Sources */,
				4EECC8EB1BBEE9E700427F7A /* Frameworks */,
				4EECC8EC1BBEE9E700427F7A /* Resources */,
			);
			buildRules = (
			);
			dependencies = (
				4EECC8F01BBEE9E700427F7A /* PBXTargetDependency */,
			);
			name = "Flag-AppTests";
			productName = "Flag-AppTests";
			productReference = 4EECC8EE1BBEE9E700427F7A /* Flag-AppTests.xctest */;
			productType = "com.apple.product-type.bundle.unit-test";
		};
		4EECC8F81BBEE9E700427F7A /* Flag-AppUITests */ = {
			isa = PBXNativeTarget;
			buildConfigurationList = 4EECC9081BBEE9E700427F7A /* Build configuration list for PBXNativeTarget "Flag-AppUITests" */;
			buildPhases = (
				4EECC8F51BBEE9E700427F7A /* Sources */,
				4EECC8F61BBEE9E700427F7A /* Frameworks */,
				4EECC8F71BBEE9E700427F7A /* Resources */,
			);
			buildRules = (
			);
			dependencies = (
				4EECC8FB1BBEE9E700427F7A /* PBXTargetDependency */,
			);
			name = "Flag-AppUITests";
			productName = "Flag-AppUITests";
			productReference = 4EECC8F91BBEE9E700427F7A /* Flag-AppUITests.xctest */;
			productType = "com.apple.product-type.bundle.ui-testing";
		};
/* End PBXNativeTarget section */

/* Begin PBXProject section */
		4EECC8D21BBEE9E700427F7A /* Project object */ = {
			isa = PBXProject;
			attributes = {
				LastUpgradeCheck = 0700;
				ORGANIZATIONNAME = "Brice Gatelet";
				TargetAttributes = {
					4EECC8D91BBEE9E700427F7A = {
						CreatedOnToolsVersion = 7.0;
						DevelopmentTeam = 64Y3EC77B6;
					};
					4EECC8ED1BBEE9E700427F7A = {
						CreatedOnToolsVersion = 7.0;
						DevelopmentTeam = 64Y3EC77B6;
						TestTargetID = 4EECC8D91BBEE9E700427F7A;
					};
					4EECC8F81BBEE9E700427F7A = {
						CreatedOnToolsVersion = 7.0;
						DevelopmentTeam = 64Y3EC77B6;
						TestTargetID = 4EECC8D91BBEE9E700427F7A;
					};
				};
			};
			buildConfigurationList = 4EECC8D51BBEE9E700427F7A /* Build configuration list for PBXProject "Flag-App" */;
			compatibilityVersion = "Xcode 3.2";
			developmentRegion = English;
			hasScannedForEncodings = 0;
			knownRegions = (
				en,
				Base,
			);
			mainGroup = 4EECC8D11BBEE9E700427F7A;
			productRefGroup = 4EECC8DB1BBEE9E700427F7A /* Products */;
			projectDirPath = "";
			projectRoot = "";
			targets = (
				4EECC8D91BBEE9E700427F7A /* Flag-App */,
				4EECC8ED1BBEE9E700427F7A /* Flag-AppTests */,
				4EECC8F81BBEE9E700427F7A /* Flag-AppUITests */,
			);
		};
/* End PBXProject section */

/* Begin PBXResourcesBuildPhase section */
		4EECC8D81BBEE9E700427F7A /* Resources */ = {
			isa = PBXResourcesBuildPhase;
			buildActionMask = 2147483647;
			files = (
				4EECC8E81BBEE9E700427F7A /* LaunchScreen.storyboard in Resources */,
				4EECC8E51BBEE9E700427F7A /* Assets.xcassets in Resources */,
				4EECC8E31BBEE9E700427F7A /* Main.storyboard in Resources */,
			);
			runOnlyForDeploymentPostprocessing = 0;
		};
		4EECC8EC1BBEE9E700427F7A /* Resources */ = {
			isa = PBXResourcesBuildPhase;
			buildActionMask = 2147483647;
			files = (
			);
			runOnlyForDeploymentPostprocessing = 0;
		};
		4EECC8F71BBEE9E700427F7A /* Resources */ = {
			isa = PBXResourcesBuildPhase;
			buildActionMask = 2147483647;
			files = (
			);
			runOnlyForDeploymentPostprocessing = 0;
		};
/* End PBXResourcesBuildPhase section */

/* Begin PBXSourcesBuildPhase section */
		4EECC8D61BBEE9E700427F7A /* Sources */ = {
			isa = PBXSourcesBuildPhase;
			buildActionMask = 2147483647;
			files = (
				4EECC8E01BBEE9E700427F7A /* ViewController.swift in Sources */,
				4EECC8DE1BBEE9E700427F7A /* AppDelegate.swift in Sources */,
			);
			runOnlyForDeploymentPostprocessing = 0;
		};
		4EECC8EA1BBEE9E700427F7A /* Sources */ = {
			isa = PBXSourcesBuildPhase;
			buildActionMask = 2147483647;
			files = (
				4EECC8F31BBEE9E700427F7A /* Flag_AppTests.swift in Sources */,
			);
			runOnlyForDeploymentPostprocessing = 0;
		};
		4EECC8F51BBEE9E700427F7A /* Sources */ = {
			isa = PBXSourcesBuildPhase;
			buildActionMask = 2147483647;
			files = (
				4EECC8FE1BBEE9E700427F7A /* Flag_AppUITests.swift in Sources */,
			);
			runOnlyForDeploymentPostprocessing = 0;
		};
/* End PBXSourcesBuildPhase section */

/* Begin PBXTargetDependency section */
		4EECC8F01BBEE9E700427F7A /* PBXTargetDependency */ = {
			isa = PBXTargetDependency;
			target = 4EECC8D91BBEE9E700427F7A /* Flag-App */;
			targetProxy = 4EECC8EF1BBEE9E700427F7A /* PBXContainerItemProxy */;
		};
		4EECC8FB1BBEE9E700427F7A /* PBXTargetDependency */ = {
			isa = PBXTargetDependency;
			target = 4EECC8D91BBEE9E700427F7A /* Flag-App */;
			targetProxy = 4EECC8FA1BBEE9E700427F7A /* PBXContainerItemProxy */;
		};
/* End PBXTargetDependency section */

/* Begin PBXVariantGroup section */
		4EECC8E11BBEE9E700427F7A /* Main.storyboard */ = {
			isa = PBXVariantGroup;
			children = (
				4EECC8E21BBEE9E700427F7A /* Base */,
			);
			name = Main.storyboard;
			sourceTree = "<group>";
		};
		4EECC8E61BBEE9E700427F7A /* LaunchScreen.storyboard */ = {
			isa = PBXVariantGroup;
			children = (
				4EECC8E71BBEE9E700427F7A /* Base */,
			);
			name = LaunchScreen.storyboard;
			sourceTree = "<group>";
		};
/* End PBXVariantGroup section */

/* Begin XCBuildConfiguration section */
		4EECC9001BBEE9E700427F7A /* Debug */ = {
			isa = XCBuildConfiguration;
			buildSettings = {
				ALWAYS_SEARCH_USER_PATHS = NO;
				CLANG_CXX_LANGUAGE_STANDARD = "gnu++0x";
				CLANG_CXX_LIBRARY = "libc++";
				CLANG_ENABLE_MODULES = YES;
				CLANG_ENABLE_OBJC_ARC = YES;
				CLANG_WARN_BOOL_CONVERSION = YES;
				CLANG_WARN_CONSTANT_CONVERSION = YES;
				CLANG_WARN_DIRECT_OBJC_ISA_USAGE = YES_ERROR;
				CLANG_WARN_EMPTY_BODY = YES;
				CLANG_WARN_ENUM_CONVERSION = YES;
				CLANG_WARN_INT_CONVERSION = YES;
				CLANG_WARN_OBJC_ROOT_CLASS = YES_ERROR;
				CLANG_WARN_UNREACHABLE_CODE = YES;
				CLANG_WARN__DUPLICATE_METHOD_MATCH = YES;
				"CODE_SIGN_IDENTITY[sdk=iphoneos*]" = "iPhone Developer";
				COPY_PHASE_STRIP = NO;
				DEBUG_INFORMATION_FORMAT = dwarf;
				ENABLE_STRICT_OBJC_MSGSEND = YES;
				ENABLE_TESTABILITY = YES;
				GCC_C_LANGUAGE_STANDARD = gnu99;
				GCC_DYNAMIC_NO_PIC = NO;
				GCC_NO_COMMON_BLOCKS = YES;
				GCC_OPTIMIZATION_LEVEL = 0;
				GCC_PREPROCESSOR_DEFINITIONS = (
					"DEBUG=1",
					"$(inherited)",
				);
				GCC_WARN_64_TO_32_BIT_CONVERSION = YES;
				GCC_WARN_ABOUT_RETURN_TYPE = YES_ERROR;
				GCC_WARN_UNDECLARED_SELECTOR = YES;
				GCC_WARN_UNINITIALIZED_AUTOS = YES_AGGRESSIVE;
				GCC_WARN_UNUSED_FUNCTION = YES;
				GCC_WARN_UNUSED_VARIABLE = YES;
				IPHONEOS_DEPLOYMENT_TARGET = 9.0;
				MTL_ENABLE_DEBUG_INFO = YES;
				ONLY_ACTIVE_ARCH = YES;
				SDKROOT = iphoneos;
				SWIFT_OPTIMIZATION_LEVEL = "-Onone";
				TARGETED_DEVICE_FAMILY = "1,2";
			};
			name = Debug;
		};
		4EECC9011BBEE9E700427F7A /* Release */ = {
			isa = XCBuildConfiguration;
			buildSettings = {
				ALWAYS_SEARCH_USER_PATHS = NO;
				CLANG_CXX_LANGUAGE_STANDARD = "gnu++0x";
				CLANG_CXX_LIBRARY = "libc++";
				CLANG_ENABLE_MODULES = YES;
				CLANG_ENABLE_OBJC_ARC = YES;
				CLANG_WARN_BOOL_CONVERSION = YES;
				CLANG_WARN_CONSTANT_CONVERSION = YES;
				CLANG_WARN_DIRECT_OBJC_ISA_USAGE = YES_ERROR;
				CLANG_WARN_EMPTY_BODY = YES;
				CLANG_WARN_ENUM_CONVERSION = YES;
				CLANG_WARN_INT_CONVERSION = YES;
				CLANG_WARN_OBJC_ROOT_CLASS = YES_ERROR;
				CLANG_WARN_UNREACHABLE_CODE = YES;
				CLANG_WARN__DUPLICATE_METHOD_MATCH = YES;
				"CODE_SIGN_IDENTITY[sdk=iphoneos*]" = "iPhone Developer";
				COPY_PHASE_STRIP = NO;
				DEBUG_INFORMATION_FORMAT = "dwarf-with-dsym";
				ENABLE_NS_ASSERTIONS = NO;
				ENABLE_STRICT_OBJC_MSGSEND = YES;
				GCC_C_LANGUAGE_STANDARD = gnu99;
				GCC_NO_COMMON_BLOCKS = YES;
				GCC_WARN_64_TO_32_BIT_CONVERSION = YES;
				GCC_WARN_ABOUT_RETURN_TYPE = YES_ERROR;
				GCC_WARN_UNDECLARED_SELECTOR = YES;
				GCC_WARN_UNINITIALIZED_AUTOS = YES_AGGRESSIVE;
				GCC_WARN_UNUSED_FUNCTION = YES;
				GCC_WARN_UNUSED_VARIABLE = YES;
				IPHONEOS_DEPLOYMENT_TARGET = 9.0;
				MTL_ENABLE_DEBUG_INFO = NO;
				SDKROOT = iphoneos;
				TARGETED_DEVICE_FAMILY = "1,2";
				VALIDATE_PRODUCT = YES;
			};
			name = Release;
		};
		4EECC9031BBEE9E700427F7A /* Debug */ = {
			isa = XCBuildConfiguration;
			buildSettings = {
				ASSETCATALOG_COMPILER_APPICON_NAME = AppIcon;
				INFOPLIST_FILE = "Flag-App/Info.plist";
				LD_RUNPATH_SEARCH_PATHS = "$(inherited) @executable_path/Frameworks";
				PRODUCT_BUNDLE_IDENTIFIER = "BG.Flag-App";
				PRODUCT_NAME = "$(TARGET_NAME)";
			};
			name = Debug;
		};
		4EECC9041BBEE9E700427F7A /* Release */ = {
			isa = XCBuildConfiguration;
			buildSettings = {
				ASSETCATALOG_COMPILER_APPICON_NAME = AppIcon;
				INFOPLIST_FILE = "Flag-App/Info.plist";
				LD_RUNPATH_SEARCH_PATHS = "$(inherited) @executable_path/Frameworks";
				PRODUCT_BUNDLE_IDENTIFIER = "BG.Flag-App";
				PRODUCT_NAME = "$(TARGET_NAME)";
			};
			name = Release;
		};
		4EECC9061BBEE9E700427F7A /* Debug */ = {
			isa = XCBuildConfiguration;
			buildSettings = {
				BUNDLE_LOADER = "$(TEST_HOST)";
				INFOPLIST_FILE = "Flag-AppTests/Info.plist";
				LD_RUNPATH_SEARCH_PATHS = "$(inherited) @executable_path/Frameworks @loader_path/Frameworks";
				PRODUCT_BUNDLE_IDENTIFIER = "BG.Flag-AppTests";
				PRODUCT_NAME = "$(TARGET_NAME)";
				TEST_HOST = "$(BUILT_PRODUCTS_DIR)/Flag-App.app/Flag-App";
			};
			name = Debug;
		};
		4EECC9071BBEE9E700427F7A /* Release */ = {
			isa = XCBuildConfiguration;
			buildSettings = {
				BUNDLE_LOADER = "$(TEST_HOST)";
				INFOPLIST_FILE = "Flag-AppTests/Info.plist";
				LD_RUNPATH_SEARCH_PATHS = "$(inherited) @executable_path/Frameworks @loader_path/Frameworks";
				PRODUCT_BUNDLE_IDENTIFIER = "BG.Flag-AppTests";
				PRODUCT_NAME = "$(TARGET_NAME)";
				TEST_HOST = "$(BUILT_PRODUCTS_DIR)/Flag-App.app/Flag-App";
			};
			name = Release;
		};
		4EECC9091BBEE9E700427F7A /* Debug */ = {
			isa = XCBuildConfiguration;
			buildSettings = {
				INFOPLIST_FILE = "Flag-AppUITests/Info.plist";
				LD_RUNPATH_SEARCH_PATHS = "$(inherited) @executable_path/Frameworks @loader_path/Frameworks";
				PRODUCT_BUNDLE_IDENTIFIER = "BG.Flag-AppUITests";
				PRODUCT_NAME = "$(TARGET_NAME)";
				TEST_TARGET_NAME = "Flag-App";
				USES_XCTRUNNER = YES;
			};
			name = Debug;
		};
		4EECC90A1BBEE9E700427F7A /* Release */ = {
			isa = XCBuildConfiguration;
			buildSettings = {
				INFOPLIST_FILE = "Flag-AppUITests/Info.plist";
				LD_RUNPATH_SEARCH_PATHS = "$(inherited) @executable_path/Frameworks @loader_path/Frameworks";
				PRODUCT_BUNDLE_IDENTIFIER = "BG.Flag-AppUITests";
				PRODUCT_NAME = "$(TARGET_NAME)";
				TEST_TARGET_NAME = "Flag-App";
				USES_XCTRUNNER = YES;
			};
			name = Release;
		};
/* End XCBuildConfiguration section */

/* Begin XCConfigurationList section */
		4EECC8D51BBEE9E700427F7A /* Build configuration list for PBXProject "Flag-App" */ = {
			isa = XCConfigurationList;
			buildConfigurations = (
				4EECC9001BBEE9E700427F7A /* Debug */,
				4EECC9011BBEE9E700427F7A /* Release */,
			);
			defaultConfigurationIsVisible = 0;
			defaultConfigurationName = Release;
		};
		4EECC9021BBEE9E700427F7A /* Build configuration list for PBXNativeTarget "Flag-App" */ = {
			isa = XCConfigurationList;
			buildConfigurations = (
				4EECC9031BBEE9E700427F7A /* Debug */,
				4EECC9041BBEE9E700427F7A /* Release */,
			);
			defaultConfigurationIsVisible = 0;
		};
		4EECC9051BBEE9E700427F7A /* Build configuration list for PBXNativeTarget "Flag-AppTests" */ = {
			isa = XCConfigurationList;
			buildConfigurations = (
				4EECC9061BBEE9E700427F7A /* Debug */,
				4EECC9071BBEE9E700427F7A /* Release */,
			);
			defaultConfigurationIsVisible = 0;
		};
		4EECC9081BBEE9E700427F7A /* Build configuration list for PBXNativeTarget "Flag-AppUITests" */ = {
			isa = XCConfigurationList;
			buildConfigurations = (
				4EECC9091BBEE9E700427F7A /* Debug */,
				4EECC90A1BBEE9E700427F7A /* Release */,
			);
			defaultConfigurationIsVisible = 0;
		};
/* End XCConfigurationList section */
	};
	rootObject = 4EECC8D21BBEE9E700427F7A /* Project object */;
}
